
Microsoft Visual Studio Solution File, Format Version 12.00
# Visual Studio 15
VisualStudioVersion = 15.0.27703.2042
MinimumVisualStudioVersion = 10.0.40219.1
Project("{F184B08F-C81C-45F6-A57F-5ABD9991F28F}") = "Sistema01", "Sistema01\Sistema01.vbproj", "{5E75F40C-0E3B-4A78-A2CF-56B15BB99971}"
EndProject
Global
	GlobalSection(SolutionConfigurationPlatforms) = preSolution
		Debug|Any CPU = Debug|Any CPU
		Release|Any CPU = Release|Any CPU
	EndGlobalSection
	GlobalSection(ProjectConfigurationPlatforms) = postSolution
		{5E75F40C-0E3B-4A78-A2CF-56B15BB99971}.Debug|Any CPU.ActiveCfg = Debug|Any CPU
		{5E75F40C-0E3B-4A78-A2CF-56B15BB99971}.Debug|Any CPU.Build.0 = Debug|Any CPU
		{5E75F40C-0E3B-4A78-A2CF-56B15BB99971}.Release|Any CPU.ActiveCfg = Release|Any CPU
		{5E75F40C-0E3B-4A78-A2CF-56B15BB99971}.Release|Any CPU.Build.0 = Release|Any CPU
	EndGlobalSection
	GlobalSection(SolutionProperties) = preSolution
		HideSolutionNode = FALSE
	EndGlobalSection
	GlobalSection(ExtensibilityGlobals) = postSolution
		SolutionGuid = {F3245B14-DFAD-4ACF-9B4C-A04ACEC9F586}
	EndGlobalSection
EndGlobal
